
Microsoft Visual Studio Solution File, Format Version 12.00
Project("{FAE04EC0-301F-11D3-BF4B-00C04F79EFBC}") = "AutoTestHomework", "AutoTestHomework.csproj", "{D50B4C16-70F0-4E8E-A62E-284381EC3578}"
EndProject
Global
	GlobalSection(SolutionConfigurationPlatforms) = preSolution
		Debug|Any CPU = Debug|Any CPU
		Release|Any CPU = Release|Any CPU
	EndGlobalSection
	GlobalSection(ProjectConfigurationPlatforms) = postSolution
		{D50B4C16-70F0-4E8E-A62E-284381EC3578}.Debug|Any CPU.ActiveCfg = Debug|Any CPU
		{D50B4C16-70F0-4E8E-A62E-284381EC3578}.Debug|Any CPU.Build.0 = Debug|Any CPU
		{D50B4C16-70F0-4E8E-A62E-284381EC3578}.Release|Any CPU.ActiveCfg = Release|Any CPU
		{D50B4C16-70F0-4E8E-A62E-284381EC3578}.Release|Any CPU.Build.0 = Release|Any CPU
	EndGlobalSection
EndGlobal
